
Microsoft Visual Studio Solution File, Format Version 12.00
# Visual Studio Version 17
VisualStudioVersion = 17.4.33213.308
MinimumVisualStudioVersion = 10.0.40219.1
Project("{FAE04EC0-301F-11D3-BF4B-00C04F79EFBC}") = "CarpinteriaJG", "CarpinteriaJG.csproj", "{FD0244FB-7FDA-48C5-A496-97EF0BBA22A2}"
EndProject
Global
	GlobalSection(SolutionConfigurationPlatforms) = preSolution
		Debug|Any CPU = Debug|Any CPU
		Release|Any CPU = Release|Any CPU
	EndGlobalSection
	GlobalSection(ProjectConfigurationPlatforms) = postSolution
		{FD0244FB-7FDA-48C5-A496-97EF0BBA22A2}.Debug|Any CPU.ActiveCfg = Debug|Any CPU
		{FD0244FB-7FDA-48C5-A496-97EF0BBA22A2}.Debug|Any CPU.Build.0 = Debug|Any CPU
		{FD0244FB-7FDA-48C5-A496-97EF0BBA22A2}.Release|Any CPU.ActiveCfg = Release|Any CPU
		{FD0244FB-7FDA-48C5-A496-97EF0BBA22A2}.Release|Any CPU.Build.0 = Release|Any CPU
	EndGlobalSection
	GlobalSection(SolutionProperties) = preSolution
		HideSolutionNode = FALSE
	EndGlobalSection
	GlobalSection(ExtensibilityGlobals) = postSolution
		SolutionGuid = {7A26E04C-2D84-49F5-BA02-410D4709B641}
	EndGlobalSection
EndGlobal
